// !$*UTF8*$!
{
	archiveVersion = 1;
	classes = {
	};
	objectVersion = 45;
	objects = {

/* Begin PBXBuildFile section */
		45393DEA11DC123700A4C942 /* CKVOBlockNotificationHelper.m in Sources */ = {isa = PBXBuildFile; fileRef = 4577CD5210614EE9006432BE /* CKVOBlockNotificationHelper.m */; };
		45393DEB11DC123700A4C942 /* NSObject_KVOBlockNotificationExtensions.m in Sources */ = {isa = PBXBuildFile; fileRef = 4577CD5010614EE9006432BE /* NSObject_KVOBlockNotificationExtensions.m */; };
		45393F5111DC125700A4C942 /* Foundation.framework in Frameworks */ = {isa = PBXBuildFile; fileRef = 29B97325FDCFA39411CA2CEA /* Foundation.framework */; };
		45393F5411DC126500A4C942 /* main.m in Sources */ = {isa = PBXBuildFile; fileRef = 29B97316FDCFA39411CA2CEA /* main.m */; };
		45393F5811DC127600A4C942 /* CTester.m in Sources */ = {isa = PBXBuildFile; fileRef = 45393F5711DC127600A4C942 /* CTester.m */; };
		45393FA011DC141800A4C942 /* UnitTests.m in Sources */ = {isa = PBXBuildFile; fileRef = 45393F9E11DC141800A4C942 /* UnitTests.m */; };
		4577CD70106150ED006432BE /* NSObject_KVOBlockNotificationExtensions.m in Sources */ = {isa = PBXBuildFile; fileRef = 4577CD5010614EE9006432BE /* NSObject_KVOBlockNotificationExtensions.m */; };
		4577CD71106150EE006432BE /* CKVOBlockNotificationHelper.m in Sources */ = {isa = PBXBuildFile; fileRef = 4577CD5210614EE9006432BE /* CKVOBlockNotificationHelper.m */; };
/* End PBXBuildFile section */

/* Begin PBXFileReference section */
		256AC3F00F4B6AF500CF3369 /* Test_Prefix.pch */ = {isa = PBXFileReference; fileEncoding = 4; lastKnownFileType = sourcecode.c.h; path = Test_Prefix.pch; sourceTree = "<group>"; };
		29B97316FDCFA39411CA2CEA /* main.m */ = {isa = PBXFileReference; fileEncoding = 4; lastKnownFileType = sourcecode.c.objc; path = main.m; sourceTree = "<group>"; };
		29B97325FDCFA39411CA2CEA /* Foundation.framework */ = {isa = PBXFileReference; lastKnownFileType = wrapper.framework; name = Foundation.framework; path = /System/Library/Frameworks/Foundation.framework; sourceTree = "<absolute>"; };
		45393DE611DC122600A4C942 /* KVOTest */ = {isa = PBXFileReference; explicitFileType = "compiled.mach-o.executable"; includeInIndex = 0; path = KVOTest; sourceTree = BUILT_PRODUCTS_DIR; };
		45393F5611DC127600A4C942 /* CTester.h */ = {isa = PBXFileReference; fileEncoding = 4; lastKnownFileType = sourcecode.c.h; path = CTester.h; sourceTree = "<group>"; };
		45393F5711DC127600A4C942 /* CTester.m */ = {isa = PBXFileReference; fileEncoding = 4; lastKnownFileType = sourcecode.c.objc; path = CTester.m; sourceTree = "<group>"; };
		45393F9C11DC141800A4C942 /* Unit Tests-Info.plist */ = {isa = PBXFileReference; fileEncoding = 4; lastKnownFileType = text.plist.xml; path = "Unit Tests-Info.plist"; sourceTree = "<group>"; };
		45393F9D11DC141800A4C942 /* UnitTests.h */ = {isa = PBXFileReference; fileEncoding = 4; lastKnownFileType = sourcecode.c.h; path = UnitTests.h; sourceTree = "<group>"; };
		45393F9E11DC141800A4C942 /* UnitTests.m */ = {isa = PBXFileReference; fileEncoding = 4; lastKnownFileType = sourcecode.c.objc; path = UnitTests.m; sourceTree = "<group>"; };
		4577CD4F10614EE9006432BE /* NSObject_KVOBlockNotificationExtensions.h */ = {isa = PBXFileReference; fileEncoding = 4; lastKnownFileType = sourcecode.c.h; name = NSObject_KVOBlockNotificationExtensions.h; path = ../NSObject_KVOBlockNotificationExtensions.h; sourceTree = SOURCE_ROOT; };
		4577CD5010614EE9006432BE /* NSObject_KVOBlockNotificationExtensions.m */ = {isa = PBXFileReference; fileEncoding = 4; lastKnownFileType = sourcecode.c.objc; name = NSObject_KVOBlockNotificationExtensions.m; path = ../NSObject_KVOBlockNotificationExtensions.m; sourceTree = SOURCE_ROOT; };
		4577CD5110614EE9006432BE /* CKVOBlockNotificationHelper.h */ = {isa = PBXFileReference; fileEncoding = 4; lastKnownFileType = sourcecode.c.h; name = CKVOBlockNotificationHelper.h; path = ../CKVOBlockNotificationHelper.h; sourceTree = SOURCE_ROOT; };
		4577CD5210614EE9006432BE /* CKVOBlockNotificationHelper.m */ = {isa = PBXFileReference; fileEncoding = 4; lastKnownFileType = sourcecode.c.objc; name = CKVOBlockNotificationHelper.m; path = ../CKVOBlockNotificationHelper.m; sourceTree = SOURCE_ROOT; };
		4577CD6B106150E5006432BE /* Unit Tests.octest */ = {isa = PBXFileReference; explicitFileType = wrapper.cfbundle; includeInIndex = 0; path = "Unit Tests.octest"; sourceTree = BUILT_PRODUCTS_DIR; };
/* End PBXFileReference section */

/* Begin PBXFrameworksBuildPhase section */
		45393DE411DC122600A4C942 /* Frameworks */ = {
			isa = PBXFrameworksBuildPhase;
			buildActionMask = 2147483647;
			files = (
				45393F5111DC125700A4C942 /* Foundation.framework in Frameworks */,
			);
			runOnlyForDeploymentPostprocessing = 0;
		};
		4577CD68106150E5006432BE /* Frameworks */ = {
			isa = PBXFrameworksBuildPhase;
			buildActionMask = 2147483647;
			files = (
			);
			runOnlyForDeploymentPostprocessing = 0;
		};
/* End PBXFrameworksBuildPhase section */

/* Begin PBXGroup section */
		19C28FACFE9D520D11CA2CBB /* Products */ = {
			isa = PBXGroup;
			children = (
				4577CD6B106150E5006432BE /* Unit Tests.octest */,
				45393DE611DC122600A4C942 /* KVOTest */,
			);
			name = Products;
			sourceTree = "<group>";
		};
		29B97314FDCFA39411CA2CEA /* Test */ = {
			isa = PBXGroup;
			children = (
				4577CD4F10614EE9006432BE /* NSObject_KVOBlockNotificationExtensions.h */,
				4577CD5010614EE9006432BE /* NSObject_KVOBlockNotificationExtensions.m */,
				4577CD5110614EE9006432BE /* CKVOBlockNotificationHelper.h */,
				4577CD5210614EE9006432BE /* CKVOBlockNotificationHelper.m */,
				29B97315FDCFA39411CA2CEA /* Other Sources */,
				45393F9B11DC141800A4C942 /* Unit Tests */,
				29B97323FDCFA39411CA2CEA /* Frameworks */,
				19C28FACFE9D520D11CA2CBB /* Products */,
			);
			name = Test;
			sourceTree = "<group>";
		};
		29B97315FDCFA39411CA2CEA /* Other Sources */ = {
			isa = PBXGroup;
			children = (
				256AC3F00F4B6AF500CF3369 /* Test_Prefix.pch */,
				29B97316FDCFA39411CA2CEA /* main.m */,
				45393F5611DC127600A4C942 /* CTester.h */,
				45393F5711DC127600A4C942 /* CTester.m */,
			);
			name = "Other Sources";
			sourceTree = "<group>";
		};
		29B97323FDCFA39411CA2CEA /* Frameworks */ = {
			isa = PBXGroup;
			children = (
				29B97325FDCFA39411CA2CEA /* Foundation.framework */,
			);
			name = Frameworks;
			sourceTree = "<group>";
		};
		45393F9B11DC141800A4C942 /* Unit Tests */ = {
			isa = PBXGroup;
			children = (
				45393F9C11DC141800A4C942 /* Unit Tests-Info.plist */,
				45393F9D11DC141800A4C942 /* UnitTests.h */,
				45393F9E11DC141800A4C942 /* UnitTests.m */,
			);
			path = "Unit Tests";
			sourceTree = "<group>";
		};
/* End PBXGroup section */

/* Begin PBXNativeTarget section */
		45393DE511DC122600A4C942 /* KVOTest */ = {
			isa = PBXNativeTarget;
			buildConfigurationList = 45393DFC11DC123E00A4C942 /* Build configuration list for PBXNativeTarget "KVOTest" */;
			buildPhases = (
				45393DE311DC122600A4C942 /* Sources */,
				45393DE411DC122600A4C942 /* Frameworks */,
			);
			buildRules = (
			);
			dependencies = (
			);
			name = KVOTest;
			productName = KVOTest;
			productReference = 45393DE611DC122600A4C942 /* KVOTest */;
			productType = "com.apple.product-type.tool";
		};
		4577CD6A106150E5006432BE /* Unit Tests */ = {
			isa = PBXNativeTarget;
			buildConfigurationList = 4577CD6F106150E5006432BE /* Build configuration list for PBXNativeTarget "Unit Tests" */;
			buildPhases = (
				4577CD66106150E5006432BE /* Resources */,
				4577CD67106150E5006432BE /* Sources */,
				4577CD68106150E5006432BE /* Frameworks */,
				4577CD69106150E5006432BE /* ShellScript */,
			);
			buildRules = (
			);
			dependencies = (
			);
			name = "Unit Tests";
			productName = "Unit Tests";
			productReference = 4577CD6B106150E5006432BE /* Unit Tests.octest */;
			productType = "com.apple.product-type.bundle";
		};
/* End PBXNativeTarget section */

/* Begin PBXProject section */
		29B97313FDCFA39411CA2CEA /* Project object */ = {
			isa = PBXProject;
			buildConfigurationList = C01FCF4E08A954540054247B /* Build configuration list for PBXProject "Test" */;
			compatibilityVersion = "Xcode 3.1";
			hasScannedForEncodings = 1;
			mainGroup = 29B97314FDCFA39411CA2CEA /* Test */;
			projectDirPath = "";
			projectRoot = "";
			targets = (
				4577CD6A106150E5006432BE /* Unit Tests */,
				45393DE511DC122600A4C942 /* KVOTest */,
			);
		};
/* End PBXProject section */

/* Begin PBXResourcesBuildPhase section */
		4577CD66106150E5006432BE /* Resources */ = {
			isa = PBXResourcesBuildPhase;
			buildActionMask = 2147483647;
			files = (
			);
			runOnlyForDeploymentPostprocessing = 0;
		};
/* End PBXResourcesBuildPhase section */

/* Begin PBXShellScriptBuildPhase section */
		4577CD69106150E5006432BE /* ShellScript */ = {
			isa = PBXShellScriptBuildPhase;
			buildActionMask = 2147483647;
			files = (
			);
			inputPaths = (
			);
			outputPaths = (
			);
			runOnlyForDeploymentPostprocessing = 0;
			shellPath = /bin/sh;
			shellScript = "# Run the unit tests in this test bundle.\n\"${SYSTEM_DEVELOPER_DIR}/Tools/RunUnitTests\"\n";
		};
/* End PBXShellScriptBuildPhase section */

/* Begin PBXSourcesBuildPhase section */
		45393DE311DC122600A4C942 /* Sources */ = {
			isa = PBXSourcesBuildPhase;
			buildActionMask = 2147483647;
			files = (
				45393DEA11DC123700A4C942 /* CKVOBlockNotificationHelper.m in Sources */,
				45393DEB11DC123700A4C942 /* NSObject_KVOBlockNotificationExtensions.m in Sources */,
				45393F5411DC126500A4C942 /* main.m in Sources */,
				45393F5811DC127600A4C942 /* CTester.m in Sources */,
			);
			runOnlyForDeploymentPostprocessing = 0;
		};
		4577CD67106150E5006432BE /* Sources */ = {
			isa = PBXSourcesBuildPhase;
			buildActionMask = 2147483647;
			files = (
				4577CD70106150ED006432BE /* NSObject_KVOBlockNotificationExtensions.m in Sources */,
				4577CD71106150EE006432BE /* CKVOBlockNotificationHelper.m in Sources */,
				45393FA011DC141800A4C942 /* UnitTests.m in Sources */,
			);
			runOnlyForDeploymentPostprocessing = 0;
		};
/* End PBXSourcesBuildPhase section */

/* Begin XCBuildConfiguration section */
		45393DE811DC122700A4C942 /* Debug */ = {
			isa = XCBuildConfiguration;
			buildSettings = {
				ALWAYS_SEARCH_USER_PATHS = NO;
				COPY_PHASE_STRIP = NO;
				GCC_DYNAMIC_NO_PIC = NO;
				GCC_ENABLE_FIX_AND_CONTINUE = YES;
				GCC_MODEL_TUNING = G5;
				GCC_OPTIMIZATION_LEVEL = 0;
				GCC_PRECOMPILE_PREFIX_HEADER = YES;
				GCC_PREFIX_HEADER = "$(SYSTEM_LIBRARY_DIR)/Frameworks/AppKit.framework/Headers/AppKit.h";
				INSTALL_PATH = /usr/local/bin;
				OTHER_LDFLAGS = (
					"-framework",
					Foundation,
					"-framework",
					AppKit,
				);
				PREBINDING = NO;
				PRODUCT_NAME = KVOTest;
			};
			name = Debug;
		};
		45393DE911DC122700A4C942 /* Release */ = {
			isa = XCBuildConfiguration;
			buildSettings = {
				ALWAYS_SEARCH_USER_PATHS = NO;
				COPY_PHASE_STRIP = YES;
				DEBUG_INFORMATION_FORMAT = "dwarf-with-dsym";
				GCC_ENABLE_FIX_AND_CONTINUE = NO;
				GCC_MODEL_TUNING = G5;
				GCC_PRECOMPILE_PREFIX_HEADER = YES;
				GCC_PREFIX_HEADER = "$(SYSTEM_LIBRARY_DIR)/Frameworks/AppKit.framework/Headers/AppKit.h";
				INSTALL_PATH = /usr/local/bin;
				OTHER_LDFLAGS = (
					"-framework",
					Foundation,
					"-framework",
					AppKit,
				);
				PREBINDING = NO;
				PRODUCT_NAME = KVOTest;
				ZERO_LINK = NO;
			};
			name = Release;
		};
		4577CD6D106150E5006432BE /* Debug */ = {
			isa = XCBuildConfiguration;
			buildSettings = {
				ALWAYS_SEARCH_USER_PATHS = NO;
				COPY_PHASE_STRIP = NO;
				FRAMEWORK_SEARCH_PATHS = "$(DEVELOPER_LIBRARY_DIR)/Frameworks";
				GCC_DYNAMIC_NO_PIC = NO;
				GCC_ENABLE_FIX_AND_CONTINUE = NO;
				GCC_ENABLE_OBJC_EXCEPTIONS = YES;
				GCC_MODEL_TUNING = G5;
				GCC_OPTIMIZATION_LEVEL = 0;
				GCC_PRECOMPILE_PREFIX_HEADER = YES;
				GCC_PREFIX_HEADER = "$(SYSTEM_LIBRARY_DIR)/Frameworks/Cocoa.framework/Headers/Cocoa.h";
				INFOPLIST_FILE = "Unit Tests/Unit Tests-Info.plist";
				INSTALL_PATH = "$(USER_LIBRARY_DIR)/Bundles";
				OTHER_LDFLAGS = (
					"-framework",
					Cocoa,
					"-framework",
					SenTestingKit,
				);
				PREBINDING = NO;
				PRODUCT_NAME = "Unit Tests";
				WRAPPER_EXTENSION = octest;
			};
			name = Debug;
		};
		4577CD6E106150E5006432BE /* Release */ = {
			isa = XCBuildConfiguration;
			buildSettings = {
				ALWAYS_SEARCH_USER_PATHS = NO;
				COPY_PHASE_STRIP = YES;
				DEBUG_INFORMATION_FORMAT = "dwarf-with-dsym";
				FRAMEWORK_SEARCH_PATHS = "$(DEVELOPER_LIBRARY_DIR)/Frameworks";
				GCC_ENABLE_FIX_AND_CONTINUE = NO;
				GCC_ENABLE_OBJC_EXCEPTIONS = YES;
				GCC_MODEL_TUNING = G5;
				GCC_PRECOMPILE_PREFIX_HEADER = YES;
				GCC_PREFIX_HEADER = "$(SYSTEM_LIBRARY_DIR)/Frameworks/Cocoa.framework/Headers/Cocoa.h";
				INFOPLIST_FILE = "Unit Tests/Unit Tests-Info.plist";
				INSTALL_PATH = "$(USER_LIBRARY_DIR)/Bundles";
				OTHER_LDFLAGS = (
					"-framework",
					Cocoa,
					"-framework",
					SenTestingKit,
				);
				PREBINDING = NO;
				PRODUCT_NAME = "Unit Tests";
				WRAPPER_EXTENSION = octest;
				ZERO_LINK = NO;
			};
			name = Release;
		};
		C01FCF4F08A954540054247B /* Debug */ = {
			isa = XCBuildConfiguration;
			buildSettings = {
				ARCHS = "$(ARCHS_STANDARD_32_64_BIT)";
				GCC_C_LANGUAGE_STANDARD = gnu99;
				GCC_OPTIMIZATION_LEVEL = 0;
				GCC_WARN_ABOUT_RETURN_TYPE = YES;
				GCC_WARN_UNUSED_VARIABLE = YES;
				ONLY_ACTIVE_ARCH = YES;
				PREBINDING = NO;
				SDKROOT = macosx10.6;
			};
			name = Debug;
		};
		C01FCF5008A954540054247B /* Release */ = {
			isa = XCBuildConfiguration;
			buildSettings = {
				ARCHS = "$(ARCHS_STANDARD_32_64_BIT)";
				GCC_C_LANGUAGE_STANDARD = gnu99;
				GCC_WARN_ABOUT_RETURN_TYPE = YES;
				GCC_WARN_UNUSED_VARIABLE = YES;
				PREBINDING = NO;
				SDKROOT = macosx10.6;
			};
			name = Release;
		};
/* End XCBuildConfiguration section */

/* Begin XCConfigurationList section */
		45393DFC11DC123E00A4C942 /* Build configuration list for PBXNativeTarget "KVOTest" */ = {
			isa = XCConfigurationList;
			buildConfigurations = (
				45393DE811DC122700A4C942 /* Debug */,
				45393DE911DC122700A4C942 /* Release */,
			);
			defaultConfigurationIsVisible = 0;
			defaultConfigurationName = Release;
		};
		4577CD6F106150E5006432BE /* Build configuration list for PBXNativeTarget "Unit Tests" */ = {
			isa = XCConfigurationList;
			buildConfigurations = (
				4577CD6D106150E5006432BE /* Debug */,
				4577CD6E106150E5006432BE /* Release */,
			);
			defaultConfigurationIsVisible = 0;
			defaultConfigurationName = Release;
		};
		C01FCF4E08A954540054247B /* Build configuration list for PBXProject "Test" */ = {
			isa = XCConfigurationList;
			buildConfigurations = (
				C01FCF4F08A954540054247B /* Debug */,
				C01FCF5008A954540054247B /* Release */,
			);
			defaultConfigurationIsVisible = 0;
			defaultConfigurationName = Release;
		};
/* End XCConfigurationList section */
	};
	rootObject = 29B97313FDCFA39411CA2CEA /* Project object */;
}
